{
  "name": "Blackoutgames-PGG",
  "lockfileVersion": 3,
  "requires": true,
  "packages": {
    "": {
      "dependencies": {
        "@poki/netlib": "^0.0.14"
      }
    },
    "node_modules/@poki/netlib": {
      "version": "0.0.14",
      "resolved": "https://registry.npmjs.org/@poki/netlib/-/netlib-0.0.14.tgz",
      "integrity": "sha512-CCS1CEj2ao/mxHVqHAVZsNbtrC3YxDtV6p89BGFMBQyi5eylp05LJvOOJmiSSlVNK654vrXgxoJLyJtaWFhwFQ==",
      "license": "ISC",
      "dependencies": {
        "eventemitter3": "^5.0.1"
      },
      "engines": {
        "node": ">=14"
      }
    },
    "node_modules/eventemitter3": {
      "version": "5.0.1",
      "resolved": "https://registry.npmjs.org/eventemitter3/-/eventemitter3-5.0.1.tgz",
      "integrity": "sha512-GWkBvjiSZK87ELrYOSESUYeVIc9mvLLf/nXalMOS5dYrgZq9o5OVkbZAVM06CVxYsCwH9BDZFPlQTlPA1j4ahA==",
      "license": "MIT"
    }
  }
}
